{
  "version": 4,
  "terraform_version": "1.9.0",
  "serial": 19,
  "lineage": "de1a426a-e6b8-0f5c-aed1-2d37820b1a0c",
  "outputs": {},
  "resources": [
    {
      "module": "module.app_service_plan",
      "mode": "managed",
      "type": "azurerm_app_service_plan",
      "name": "asp",
      "provider": "provider[\"registry.terraform.io/hashicorp/azurerm\"]",
      "instances": [
        {
          "schema_version": 1,
          "attributes": {
            "app_service_environment_id": "",
            "id": "/subscriptions/469087c6-e148-4a49-9235-70b63e856c00/resourceGroups/app-service-deploy-slot-RG/providers/Microsoft.Web/serverFarms/example-app-service-plan",
            "is_xenon": false,
            "kind": "Windows",
            "location": "eastus",
            "maximum_elastic_worker_count": 1,
            "maximum_number_of_workers": 10,
            "name": "example-app-service-plan",
            "per_site_scaling": false,
            "reserved": false,
            "resource_group_name": "app-service-deploy-slot-RG",
            "sku": [
              {
                "capacity": 1,
                "size": "S1",
                "tier": "Standard"
              }
            ],
            "tags": {},
            "timeouts": null,
            "zone_redundant": false
          },
          "sensitive_attributes": [],
          "private": "eyJlMmJmYjczMC1lY2FhLTExZTYtOGY4OC0zNDM2M2JjN2M0YzAiOnsiY3JlYXRlIjozNjAwMDAwMDAwMDAwLCJkZWxldGUiOjM2MDAwMDAwMDAwMDAsInJlYWQiOjMwMDAwMDAwMDAwMCwidXBkYXRlIjozNjAwMDAwMDAwMDAwfSwic2NoZW1hX3ZlcnNpb24iOiIxIn0=",
          "dependencies": [
            "module.resource_group.azurerm_resource_group.rg"
          ]
        }
      ]
    },
    {
      "module": "module.glb_phone_api_slot",
      "mode": "managed",
      "type": "azurerm_app_service_slot",
      "name": "slot",
      "provider": "provider[\"registry.terraform.io/hashicorp/azurerm\"]",
      "instances": [
        {
          "schema_version": 0,
          "attributes": {
            "app_service_name": "demo-glb-phone-api-tier-001",
            "app_service_plan_id": "/subscriptions/469087c6-e148-4a49-9235-70b63e856c00/resourceGroups/app-service-deploy-slot-RG/providers/Microsoft.Web/serverFarms/example-app-service-plan",
            "app_settings": {
              "WEBSITE_NODE_DEFAULT_VERSION": "6.9.1"
            },
            "auth_settings": [
              {
                "active_directory": [],
                "additional_login_params": {},
                "allowed_external_redirect_urls": [],
                "default_provider": "",
                "enabled": false,
                "facebook": [],
                "google": [],
                "issuer": "",
                "microsoft": [],
                "runtime_version": "",
                "token_refresh_extension_hours": 0,
                "token_store_enabled": false,
                "twitter": [],
                "unauthenticated_client_action": ""
              }
            ],
            "client_affinity_enabled": false,
            "connection_string": [],
            "default_site_hostname": "demo-glb-phone-api-tier-001-staging.azurewebsites.net",
            "enabled": true,
            "https_only": false,
            "id": "/subscriptions/469087c6-e148-4a49-9235-70b63e856c00/resourceGroups/app-service-deploy-slot-RG/providers/Microsoft.Web/sites/demo-glb-phone-api-tier-001/slots/staging",
            "identity": [],
            "key_vault_reference_identity_id": "SystemAssigned",
            "location": "eastus",
            "logs": [
              {
                "application_logs": [
                  {
                    "azure_blob_storage": [],
                    "file_system_level": "Off"
                  }
                ],
                "detailed_error_messages_enabled": false,
                "failed_request_tracing_enabled": false,
                "http_logs": [
                  {
                    "azure_blob_storage": [],
                    "file_system": []
                  }
                ]
              }
            ],
            "name": "staging",
            "resource_group_name": "app-service-deploy-slot-RG",
            "site_config": [
              {
                "acr_use_managed_identity_credentials": false,
                "acr_user_managed_identity_client_id": "",
                "always_on": false,
                "app_command_line": "",
                "auto_swap_slot_name": "",
                "cors": [],
                "default_documents": [
                  "Default.htm",
                  "Default.html",
                  "Default.asp",
                  "index.htm",
                  "index.html",
                  "iisstart.htm",
                  "default.aspx",
                  "index.php",
                  "hostingstart.html"
                ],
                "dotnet_framework_version": "v4.0",
                "ftps_state": "FtpsOnly",
                "health_check_path": "",
                "http2_enabled": false,
                "ip_restriction": [],
                "java_container": "",
                "java_container_version": "",
                "java_version": "",
                "linux_fx_version": "",
                "local_mysql_enabled": false,
                "managed_pipeline_mode": "Integrated",
                "min_tls_version": "1.2",
                "number_of_workers": 1,
                "php_version": "5.6",
                "python_version": "",
                "remote_debugging_enabled": false,
                "remote_debugging_version": "",
                "scm_ip_restriction": [],
                "scm_type": "None",
                "scm_use_main_ip_restriction": false,
                "use_32_bit_worker_process": true,
                "vnet_route_all_enabled": false,
                "websockets_enabled": false,
                "windows_fx_version": ""
              }
            ],
            "site_credential": [
              {
                "password": "N42gL0X5rhGttBksBdARYsvT1CCDk8QG3bLMRhaTBkGtHyreuropxGixtQwY",
                "username": "$demo-glb-phone-api-tier-001__staging"
              }
            ],
            "storage_account": [],
            "tags": null,
            "timeouts": null
          },
          "sensitive_attributes": [],
          "private": "eyJlMmJmYjczMC1lY2FhLTExZTYtOGY4OC0zNDM2M2JjN2M0YzAiOnsiY3JlYXRlIjoxODAwMDAwMDAwMDAwLCJkZWxldGUiOjE4MDAwMDAwMDAwMDAsInJlYWQiOjMwMDAwMDAwMDAwMCwidXBkYXRlIjoxODAwMDAwMDAwMDAwfX0=",
          "dependencies": [
            "module.app_service_plan.azurerm_app_service_plan.asp",
            "module.glb_phone_api_tier.azurerm_app_service.as",
            "module.resource_group.azurerm_resource_group.rg"
          ]
        }
      ]
    },
    {
      "module": "module.glb_phone_api_tier",
      "mode": "managed",
      "type": "azurerm_app_service",
      "name": "as",
      "provider": "provider[\"registry.terraform.io/hashicorp/azurerm\"]",
      "instances": [
        {
          "schema_version": 0,
          "attributes": {
            "app_service_plan_id": "/subscriptions/469087c6-e148-4a49-9235-70b63e856c00/resourceGroups/app-service-deploy-slot-RG/providers/Microsoft.Web/serverFarms/example-app-service-plan",
            "app_settings": {
              "WEBSITE_NODE_DEFAULT_VERSION": "6.9.1"
            },
            "auth_settings": [
              {
                "active_directory": [],
                "additional_login_params": {},
                "allowed_external_redirect_urls": [],
                "default_provider": "",
                "enabled": false,
                "facebook": [],
                "google": [],
                "issuer": "",
                "microsoft": [],
                "runtime_version": "",
                "token_refresh_extension_hours": 0,
                "token_store_enabled": false,
                "twitter": [],
                "unauthenticated_client_action": ""
              }
            ],
            "backup": [],
            "client_affinity_enabled": false,
            "client_cert_enabled": false,
            "client_cert_mode": "Required",
            "connection_string": [],
            "custom_domain_verification_id": "2B692B34BBB9DFC5EAABB2A6CC2798F724F37E8F5034FF2546F2B6ECC8E13681",
            "default_site_hostname": "demo-glb-phone-api-tier-001.azurewebsites.net",
            "enabled": true,
            "https_only": false,
            "id": "/subscriptions/469087c6-e148-4a49-9235-70b63e856c00/resourceGroups/app-service-deploy-slot-RG/providers/Microsoft.Web/sites/demo-glb-phone-api-tier-001",
            "identity": [],
            "key_vault_reference_identity_id": "SystemAssigned",
            "location": "eastus",
            "logs": [
              {
                "application_logs": [
                  {
                    "azure_blob_storage": [],
                    "file_system_level": "Off"
                  }
                ],
                "detailed_error_messages_enabled": false,
                "failed_request_tracing_enabled": false,
                "http_logs": [
                  {
                    "azure_blob_storage": [],
                    "file_system": []
                  }
                ]
              }
            ],
            "name": "demo-glb-phone-api-tier-001",
            "outbound_ip_address_list": [
              "52.226.197.226",
              "52.226.197.253",
              "52.226.198.11",
              "52.226.198.121",
              "52.226.198.253",
              "52.226.199.102",
              "20.119.8.40"
            ],
            "outbound_ip_addresses": "52.226.197.226,52.226.197.253,52.226.198.11,52.226.198.121,52.226.198.253,52.226.199.102,20.119.8.40",
            "possible_outbound_ip_address_list": [
              "52.226.197.226",
              "52.226.197.253",
              "52.226.198.11",
              "52.226.198.121",
              "52.226.198.253",
              "52.226.199.102",
              "20.119.120.88",
              "20.119.120.125",
              "20.119.120.165",
              "20.119.121.113",
              "20.119.121.149",
              "20.119.121.155",
              "20.119.122.49",
              "20.119.122.84",
              "20.119.122.106",
              "20.119.122.120",
              "20.119.122.152",
              "20.119.122.206",
              "20.119.123.116",
              "20.119.123.204",
              "20.119.124.78",
              "20.119.124.150",
              "20.119.120.215",
              "20.119.126.124",
              "20.119.126.225",
              "20.119.127.10",
              "20.119.127.124",
              "20.121.72.250",
              "20.121.73.203",
              "20.121.74.2",
              "20.119.8.40"
            ],
            "possible_outbound_ip_addresses": "52.226.197.226,52.226.197.253,52.226.198.11,52.226.198.121,52.226.198.253,52.226.199.102,20.119.120.88,20.119.120.125,20.119.120.165,20.119.121.113,20.119.121.149,20.119.121.155,20.119.122.49,20.119.122.84,20.119.122.106,20.119.122.120,20.119.122.152,20.119.122.206,20.119.123.116,20.119.123.204,20.119.124.78,20.119.124.150,20.119.120.215,20.119.126.124,20.119.126.225,20.119.127.10,20.119.127.124,20.121.72.250,20.121.73.203,20.121.74.2,20.119.8.40",
            "resource_group_name": "app-service-deploy-slot-RG",
            "site_config": [
              {
                "acr_use_managed_identity_credentials": false,
                "acr_user_managed_identity_client_id": "",
                "always_on": false,
                "app_command_line": "",
                "auto_swap_slot_name": "",
                "cors": [],
                "default_documents": [
                  "Default.htm",
                  "Default.html",
                  "Default.asp",
                  "index.htm",
                  "index.html",
                  "iisstart.htm",
                  "default.aspx",
                  "index.php",
                  "hostingstart.html"
                ],
                "dotnet_framework_version": "v4.0",
                "ftps_state": "FtpsOnly",
                "health_check_path": "",
                "http2_enabled": false,
                "ip_restriction": [],
                "java_container": "",
                "java_container_version": "",
                "java_version": "",
                "linux_fx_version": "",
                "local_mysql_enabled": false,
                "managed_pipeline_mode": "Integrated",
                "min_tls_version": "1.2",
                "number_of_workers": 1,
                "php_version": "5.6",
                "python_version": "",
                "remote_debugging_enabled": false,
                "remote_debugging_version": "",
                "scm_ip_restriction": [],
                "scm_type": "None",
                "scm_use_main_ip_restriction": false,
                "use_32_bit_worker_process": true,
                "vnet_route_all_enabled": false,
                "websockets_enabled": false,
                "windows_fx_version": ""
              }
            ],
            "site_credential": [
              {
                "password": "lai7C5svYDr8GdTu5ZoRTTBmS8PXNF3Xb3BAjg9ye5SyR0culvgn0em22074",
                "username": "$demo-glb-phone-api-tier-001"
              }
            ],
            "source_control": [
              {
                "branch": "main",
                "manual_integration": false,
                "repo_url": "",
                "rollback_enabled": false,
                "use_mercurial": false
              }
            ],
            "storage_account": [],
            "tags": null,
            "timeouts": null
          },
          "sensitive_attributes": [],
          "private": "eyJlMmJmYjczMC1lY2FhLTExZTYtOGY4OC0zNDM2M2JjN2M0YzAiOnsiY3JlYXRlIjoxODAwMDAwMDAwMDAwLCJkZWxldGUiOjE4MDAwMDAwMDAwMDAsInJlYWQiOjMwMDAwMDAwMDAwMCwidXBkYXRlIjoxODAwMDAwMDAwMDAwfX0=",
          "dependencies": [
            "module.app_service_plan.azurerm_app_service_plan.asp",
            "module.resource_group.azurerm_resource_group.rg"
          ]
        }
      ]
    },
    {
      "module": "module.glb_phone_webhook_slot",
      "mode": "managed",
      "type": "azurerm_app_service_slot",
      "name": "slot",
      "provider": "provider[\"registry.terraform.io/hashicorp/azurerm\"]",
      "instances": [
        {
          "schema_version": 0,
          "attributes": {
            "app_service_name": "demo-glb-phone-webhook-tier-001",
            "app_service_plan_id": "/subscriptions/469087c6-e148-4a49-9235-70b63e856c00/resourceGroups/app-service-deploy-slot-RG/providers/Microsoft.Web/serverFarms/example-app-service-plan",
            "app_settings": {
              "WEBSITE_NODE_DEFAULT_VERSION": "6.9.1"
            },
            "auth_settings": [
              {
                "active_directory": [],
                "additional_login_params": {},
                "allowed_external_redirect_urls": [],
                "default_provider": "",
                "enabled": false,
                "facebook": [],
                "google": [],
                "issuer": "",
                "microsoft": [],
                "runtime_version": "",
                "token_refresh_extension_hours": 0,
                "token_store_enabled": false,
                "twitter": [],
                "unauthenticated_client_action": ""
              }
            ],
            "client_affinity_enabled": false,
            "connection_string": [],
            "default_site_hostname": "demo-glb-phone-webhook-tier-001-staging.azurewebsites.net",
            "enabled": true,
            "https_only": false,
            "id": "/subscriptions/469087c6-e148-4a49-9235-70b63e856c00/resourceGroups/app-service-deploy-slot-RG/providers/Microsoft.Web/sites/demo-glb-phone-webhook-tier-001/slots/staging",
            "identity": [],
            "key_vault_reference_identity_id": "SystemAssigned",
            "location": "eastus",
            "logs": [
              {
                "application_logs": [
                  {
                    "azure_blob_storage": [],
                    "file_system_level": "Off"
                  }
                ],
                "detailed_error_messages_enabled": false,
                "failed_request_tracing_enabled": false,
                "http_logs": [
                  {
                    "azure_blob_storage": [],
                    "file_system": []
                  }
                ]
              }
            ],
            "name": "staging",
            "resource_group_name": "app-service-deploy-slot-RG",
            "site_config": [
              {
                "acr_use_managed_identity_credentials": false,
                "acr_user_managed_identity_client_id": "",
                "always_on": false,
                "app_command_line": "",
                "auto_swap_slot_name": "",
                "cors": [],
                "default_documents": [
                  "Default.htm",
                  "Default.html",
                  "Default.asp",
                  "index.htm",
                  "index.html",
                  "iisstart.htm",
                  "default.aspx",
                  "index.php",
                  "hostingstart.html"
                ],
                "dotnet_framework_version": "v4.0",
                "ftps_state": "FtpsOnly",
                "health_check_path": "",
                "http2_enabled": false,
                "ip_restriction": [],
                "java_container": "",
                "java_container_version": "",
                "java_version": "",
                "linux_fx_version": "",
                "local_mysql_enabled": false,
                "managed_pipeline_mode": "Integrated",
                "min_tls_version": "1.2",
                "number_of_workers": 1,
                "php_version": "5.6",
                "python_version": "",
                "remote_debugging_enabled": false,
                "remote_debugging_version": "",
                "scm_ip_restriction": [],
                "scm_type": "None",
                "scm_use_main_ip_restriction": false,
                "use_32_bit_worker_process": true,
                "vnet_route_all_enabled": false,
                "websockets_enabled": false,
                "windows_fx_version": ""
              }
            ],
            "site_credential": [
              {
                "password": "G0rYjQo4fMhtDnXYSi1ZnB2ayqyXwwcJubPc13J5goyyJi7vvqai8jReX3Hg",
                "username": "$demo-glb-phone-webhook-tier-001__staging"
              }
            ],
            "storage_account": [],
            "tags": null,
            "timeouts": null
          },
          "sensitive_attributes": [],
          "private": "eyJlMmJmYjczMC1lY2FhLTExZTYtOGY4OC0zNDM2M2JjN2M0YzAiOnsiY3JlYXRlIjoxODAwMDAwMDAwMDAwLCJkZWxldGUiOjE4MDAwMDAwMDAwMDAsInJlYWQiOjMwMDAwMDAwMDAwMCwidXBkYXRlIjoxODAwMDAwMDAwMDAwfX0=",
          "dependencies": [
            "module.app_service_plan.azurerm_app_service_plan.asp",
            "module.glb_phone_webhook_tier.azurerm_app_service.as",
            "module.resource_group.azurerm_resource_group.rg"
          ]
        }
      ]
    },
    {
      "module": "module.glb_phone_webhook_tier",
      "mode": "managed",
      "type": "azurerm_app_service",
      "name": "as",
      "provider": "provider[\"registry.terraform.io/hashicorp/azurerm\"]",
      "instances": [
        {
          "schema_version": 0,
          "attributes": {
            "app_service_plan_id": "/subscriptions/469087c6-e148-4a49-9235-70b63e856c00/resourceGroups/app-service-deploy-slot-RG/providers/Microsoft.Web/serverFarms/example-app-service-plan",
            "app_settings": {
              "WEBSITE_NODE_DEFAULT_VERSION": "6.9.1"
            },
            "auth_settings": [
              {
                "active_directory": [],
                "additional_login_params": {},
                "allowed_external_redirect_urls": [],
                "default_provider": "",
                "enabled": false,
                "facebook": [],
                "google": [],
                "issuer": "",
                "microsoft": [],
                "runtime_version": "",
                "token_refresh_extension_hours": 0,
                "token_store_enabled": false,
                "twitter": [],
                "unauthenticated_client_action": ""
              }
            ],
            "backup": [],
            "client_affinity_enabled": false,
            "client_cert_enabled": false,
            "client_cert_mode": "Required",
            "connection_string": [],
            "custom_domain_verification_id": "2B692B34BBB9DFC5EAABB2A6CC2798F724F37E8F5034FF2546F2B6ECC8E13681",
            "default_site_hostname": "demo-glb-phone-webhook-tier-001.azurewebsites.net",
            "enabled": true,
            "https_only": false,
            "id": "/subscriptions/469087c6-e148-4a49-9235-70b63e856c00/resourceGroups/app-service-deploy-slot-RG/providers/Microsoft.Web/sites/demo-glb-phone-webhook-tier-001",
            "identity": [],
            "key_vault_reference_identity_id": "SystemAssigned",
            "location": "eastus",
            "logs": [
              {
                "application_logs": [
                  {
                    "azure_blob_storage": [],
                    "file_system_level": "Off"
                  }
                ],
                "detailed_error_messages_enabled": false,
                "failed_request_tracing_enabled": false,
                "http_logs": [
                  {
                    "azure_blob_storage": [],
                    "file_system": []
                  }
                ]
              }
            ],
            "name": "demo-glb-phone-webhook-tier-001",
            "outbound_ip_address_list": [
              "52.226.197.226",
              "52.226.197.253",
              "52.226.198.11",
              "52.226.198.121",
              "52.226.198.253",
              "52.226.199.102",
              "20.119.8.40"
            ],
            "outbound_ip_addresses": "52.226.197.226,52.226.197.253,52.226.198.11,52.226.198.121,52.226.198.253,52.226.199.102,20.119.8.40",
            "possible_outbound_ip_address_list": [
              "52.226.197.226",
              "52.226.197.253",
              "52.226.198.11",
              "52.226.198.121",
              "52.226.198.253",
              "52.226.199.102",
              "20.119.120.88",
              "20.119.120.125",
              "20.119.120.165",
              "20.119.121.113",
              "20.119.121.149",
              "20.119.121.155",
              "20.119.122.49",
              "20.119.122.84",
              "20.119.122.106",
              "20.119.122.120",
              "20.119.122.152",
              "20.119.122.206",
              "20.119.123.116",
              "20.119.123.204",
              "20.119.124.78",
              "20.119.124.150",
              "20.119.120.215",
              "20.119.126.124",
              "20.119.126.225",
              "20.119.127.10",
              "20.119.127.124",
              "20.121.72.250",
              "20.121.73.203",
              "20.121.74.2",
              "20.119.8.40"
            ],
            "possible_outbound_ip_addresses": "52.226.197.226,52.226.197.253,52.226.198.11,52.226.198.121,52.226.198.253,52.226.199.102,20.119.120.88,20.119.120.125,20.119.120.165,20.119.121.113,20.119.121.149,20.119.121.155,20.119.122.49,20.119.122.84,20.119.122.106,20.119.122.120,20.119.122.152,20.119.122.206,20.119.123.116,20.119.123.204,20.119.124.78,20.119.124.150,20.119.120.215,20.119.126.124,20.119.126.225,20.119.127.10,20.119.127.124,20.121.72.250,20.121.73.203,20.121.74.2,20.119.8.40",
            "resource_group_name": "app-service-deploy-slot-RG",
            "site_config": [
              {
                "acr_use_managed_identity_credentials": false,
                "acr_user_managed_identity_client_id": "",
                "always_on": false,
                "app_command_line": "",
                "auto_swap_slot_name": "",
                "cors": [],
                "default_documents": [
                  "Default.htm",
                  "Default.html",
                  "Default.asp",
                  "index.htm",
                  "index.html",
                  "iisstart.htm",
                  "default.aspx",
                  "index.php",
                  "hostingstart.html"
                ],
                "dotnet_framework_version": "v4.0",
                "ftps_state": "FtpsOnly",
                "health_check_path": "",
                "http2_enabled": false,
                "ip_restriction": [],
                "java_container": "",
                "java_container_version": "",
                "java_version": "",
                "linux_fx_version": "",
                "local_mysql_enabled": false,
                "managed_pipeline_mode": "Integrated",
                "min_tls_version": "1.2",
                "number_of_workers": 1,
                "php_version": "5.6",
                "python_version": "",
                "remote_debugging_enabled": false,
                "remote_debugging_version": "",
                "scm_ip_restriction": [],
                "scm_type": "None",
                "scm_use_main_ip_restriction": false,
                "use_32_bit_worker_process": true,
                "vnet_route_all_enabled": false,
                "websockets_enabled": false,
                "windows_fx_version": ""
              }
            ],
            "site_credential": [
              {
                "password": "g5PqjBrjhtFldJRvuzdqDql0tywG9eXWxKdg7SM3mW0RouyWAeWmi6tbxLlt",
                "username": "$demo-glb-phone-webhook-tier-001"
              }
            ],
            "source_control": [
              {
                "branch": "main",
                "manual_integration": false,
                "repo_url": "",
                "rollback_enabled": false,
                "use_mercurial": false
              }
            ],
            "storage_account": [],
            "tags": null,
            "timeouts": null
          },
          "sensitive_attributes": [],
          "private": "eyJlMmJmYjczMC1lY2FhLTExZTYtOGY4OC0zNDM2M2JjN2M0YzAiOnsiY3JlYXRlIjoxODAwMDAwMDAwMDAwLCJkZWxldGUiOjE4MDAwMDAwMDAwMDAsInJlYWQiOjMwMDAwMDAwMDAwMCwidXBkYXRlIjoxODAwMDAwMDAwMDAwfX0=",
          "dependencies": [
            "module.app_service_plan.azurerm_app_service_plan.asp",
            "module.resource_group.azurerm_resource_group.rg"
          ]
        }
      ]
    },
    {
      "module": "module.global_crm_api_slot",
      "mode": "managed",
      "type": "azurerm_app_service_slot",
      "name": "slot",
      "provider": "provider[\"registry.terraform.io/hashicorp/azurerm\"]",
      "instances": [
        {
          "schema_version": 0,
          "attributes": {
            "app_service_name": "demo-global-crm-api-tier-001",
            "app_service_plan_id": "/subscriptions/469087c6-e148-4a49-9235-70b63e856c00/resourceGroups/app-service-deploy-slot-RG/providers/Microsoft.Web/serverFarms/example-app-service-plan",
            "app_settings": {
              "WEBSITE_NODE_DEFAULT_VERSION": "6.9.1"
            },
            "auth_settings": [
              {
                "active_directory": [],
                "additional_login_params": {},
                "allowed_external_redirect_urls": [],
                "default_provider": "",
                "enabled": false,
                "facebook": [],
                "google": [],
                "issuer": "",
                "microsoft": [],
                "runtime_version": "",
                "token_refresh_extension_hours": 0,
                "token_store_enabled": false,
                "twitter": [],
                "unauthenticated_client_action": ""
              }
            ],
            "client_affinity_enabled": false,
            "connection_string": [],
            "default_site_hostname": "demo-global-crm-api-tier-001-staging.azurewebsites.net",
            "enabled": true,
            "https_only": false,
            "id": "/subscriptions/469087c6-e148-4a49-9235-70b63e856c00/resourceGroups/app-service-deploy-slot-RG/providers/Microsoft.Web/sites/demo-global-crm-api-tier-001/slots/staging",
            "identity": [],
            "key_vault_reference_identity_id": "SystemAssigned",
            "location": "eastus",
            "logs": [
              {
                "application_logs": [
                  {
                    "azure_blob_storage": [],
                    "file_system_level": "Off"
                  }
                ],
                "detailed_error_messages_enabled": false,
                "failed_request_tracing_enabled": false,
                "http_logs": [
                  {
                    "azure_blob_storage": [],
                    "file_system": []
                  }
                ]
              }
            ],
            "name": "staging",
            "resource_group_name": "app-service-deploy-slot-RG",
            "site_config": [
              {
                "acr_use_managed_identity_credentials": false,
                "acr_user_managed_identity_client_id": "",
                "always_on": false,
                "app_command_line": "",
                "auto_swap_slot_name": "",
                "cors": [],
                "default_documents": [
                  "Default.htm",
                  "Default.html",
                  "Default.asp",
                  "index.htm",
                  "index.html",
                  "iisstart.htm",
                  "default.aspx",
                  "index.php",
                  "hostingstart.html"
                ],
                "dotnet_framework_version": "v4.0",
                "ftps_state": "FtpsOnly",
                "health_check_path": "",
                "http2_enabled": false,
                "ip_restriction": [],
                "java_container": "",
                "java_container_version": "",
                "java_version": "",
                "linux_fx_version": "",
                "local_mysql_enabled": false,
                "managed_pipeline_mode": "Integrated",
                "min_tls_version": "1.2",
                "number_of_workers": 1,
                "php_version": "5.6",
                "python_version": "",
                "remote_debugging_enabled": false,
                "remote_debugging_version": "",
                "scm_ip_restriction": [],
                "scm_type": "None",
                "scm_use_main_ip_restriction": false,
                "use_32_bit_worker_process": true,
                "vnet_route_all_enabled": false,
                "websockets_enabled": false,
                "windows_fx_version": ""
              }
            ],
            "site_credential": [
              {
                "password": "ZBHEYy5TAdmGB8f4Zyy6MvQCh8jXlypzwQqChXxtM1ThTl8imFxetj9wPi3N",
                "username": "$demo-global-crm-api-tier-001__staging"
              }
            ],
            "storage_account": [],
            "tags": null,
            "timeouts": null
          },
          "sensitive_attributes": [],
          "private": "eyJlMmJmYjczMC1lY2FhLTExZTYtOGY4OC0zNDM2M2JjN2M0YzAiOnsiY3JlYXRlIjoxODAwMDAwMDAwMDAwLCJkZWxldGUiOjE4MDAwMDAwMDAwMDAsInJlYWQiOjMwMDAwMDAwMDAwMCwidXBkYXRlIjoxODAwMDAwMDAwMDAwfX0=",
          "dependencies": [
            "module.app_service_plan.azurerm_app_service_plan.asp",
            "module.global_crm_api_tier.azurerm_app_service.as",
            "module.resource_group.azurerm_resource_group.rg"
          ]
        }
      ]
    },
    {
      "module": "module.global_crm_api_tier",
      "mode": "managed",
      "type": "azurerm_app_service",
      "name": "as",
      "provider": "provider[\"registry.terraform.io/hashicorp/azurerm\"]",
      "instances": [
        {
          "schema_version": 0,
          "attributes": {
            "app_service_plan_id": "/subscriptions/469087c6-e148-4a49-9235-70b63e856c00/resourceGroups/app-service-deploy-slot-RG/providers/Microsoft.Web/serverFarms/example-app-service-plan",
            "app_settings": {
              "WEBSITE_NODE_DEFAULT_VERSION": "6.9.1"
            },
            "auth_settings": [
              {
                "active_directory": [],
                "additional_login_params": {},
                "allowed_external_redirect_urls": [],
                "default_provider": "",
                "enabled": false,
                "facebook": [],
                "google": [],
                "issuer": "",
                "microsoft": [],
                "runtime_version": "",
                "token_refresh_extension_hours": 0,
                "token_store_enabled": false,
                "twitter": [],
                "unauthenticated_client_action": ""
              }
            ],
            "backup": [],
            "client_affinity_enabled": false,
            "client_cert_enabled": false,
            "client_cert_mode": "Required",
            "connection_string": [],
            "custom_domain_verification_id": "2B692B34BBB9DFC5EAABB2A6CC2798F724F37E8F5034FF2546F2B6ECC8E13681",
            "default_site_hostname": "demo-global-crm-api-tier-001.azurewebsites.net",
            "enabled": true,
            "https_only": false,
            "id": "/subscriptions/469087c6-e148-4a49-9235-70b63e856c00/resourceGroups/app-service-deploy-slot-RG/providers/Microsoft.Web/sites/demo-global-crm-api-tier-001",
            "identity": [],
            "key_vault_reference_identity_id": "SystemAssigned",
            "location": "eastus",
            "logs": [
              {
                "application_logs": [
                  {
                    "azure_blob_storage": [],
                    "file_system_level": "Off"
                  }
                ],
                "detailed_error_messages_enabled": false,
                "failed_request_tracing_enabled": false,
                "http_logs": [
                  {
                    "azure_blob_storage": [],
                    "file_system": []
                  }
                ]
              }
            ],
            "name": "demo-global-crm-api-tier-001",
            "outbound_ip_address_list": [
              "52.226.197.226",
              "52.226.197.253",
              "52.226.198.11",
              "52.226.198.121",
              "52.226.198.253",
              "52.226.199.102",
              "20.119.8.40"
            ],
            "outbound_ip_addresses": "52.226.197.226,52.226.197.253,52.226.198.11,52.226.198.121,52.226.198.253,52.226.199.102,20.119.8.40",
            "possible_outbound_ip_address_list": [
              "52.226.197.226",
              "52.226.197.253",
              "52.226.198.11",
              "52.226.198.121",
              "52.226.198.253",
              "52.226.199.102",
              "20.119.120.88",
              "20.119.120.125",
              "20.119.120.165",
              "20.119.121.113",
              "20.119.121.149",
              "20.119.121.155",
              "20.119.122.49",
              "20.119.122.84",
              "20.119.122.106",
              "20.119.122.120",
              "20.119.122.152",
              "20.119.122.206",
              "20.119.123.116",
              "20.119.123.204",
              "20.119.124.78",
              "20.119.124.150",
              "20.119.120.215",
              "20.119.126.124",
              "20.119.126.225",
              "20.119.127.10",
              "20.119.127.124",
              "20.121.72.250",
              "20.121.73.203",
              "20.121.74.2",
              "20.119.8.40"
            ],
            "possible_outbound_ip_addresses": "52.226.197.226,52.226.197.253,52.226.198.11,52.226.198.121,52.226.198.253,52.226.199.102,20.119.120.88,20.119.120.125,20.119.120.165,20.119.121.113,20.119.121.149,20.119.121.155,20.119.122.49,20.119.122.84,20.119.122.106,20.119.122.120,20.119.122.152,20.119.122.206,20.119.123.116,20.119.123.204,20.119.124.78,20.119.124.150,20.119.120.215,20.119.126.124,20.119.126.225,20.119.127.10,20.119.127.124,20.121.72.250,20.121.73.203,20.121.74.2,20.119.8.40",
            "resource_group_name": "app-service-deploy-slot-RG",
            "site_config": [
              {
                "acr_use_managed_identity_credentials": false,
                "acr_user_managed_identity_client_id": "",
                "always_on": false,
                "app_command_line": "",
                "auto_swap_slot_name": "",
                "cors": [],
                "default_documents": [
                  "Default.htm",
                  "Default.html",
                  "Default.asp",
                  "index.htm",
                  "index.html",
                  "iisstart.htm",
                  "default.aspx",
                  "index.php",
                  "hostingstart.html"
                ],
                "dotnet_framework_version": "v4.0",
                "ftps_state": "FtpsOnly",
                "health_check_path": "",
                "http2_enabled": false,
                "ip_restriction": [],
                "java_container": "",
                "java_container_version": "",
                "java_version": "",
                "linux_fx_version": "",
                "local_mysql_enabled": false,
                "managed_pipeline_mode": "Integrated",
                "min_tls_version": "1.2",
                "number_of_workers": 1,
                "php_version": "5.6",
                "python_version": "",
                "remote_debugging_enabled": false,
                "remote_debugging_version": "",
                "scm_ip_restriction": [],
                "scm_type": "None",
                "scm_use_main_ip_restriction": false,
                "use_32_bit_worker_process": true,
                "vnet_route_all_enabled": false,
                "websockets_enabled": false,
                "windows_fx_version": ""
              }
            ],
            "site_credential": [
              {
                "password": "wARgZ1iaaFZoR9tPiyn9KngluREwiBo4qK8s3QoAMQLSxvRzrgAkvaPm4b1y",
                "username": "$demo-global-crm-api-tier-001"
              }
            ],
            "source_control": [
              {
                "branch": "main",
                "manual_integration": false,
                "repo_url": "",
                "rollback_enabled": false,
                "use_mercurial": false
              }
            ],
            "storage_account": [],
            "tags": null,
            "timeouts": null
          },
          "sensitive_attributes": [],
          "private": "eyJlMmJmYjczMC1lY2FhLTExZTYtOGY4OC0zNDM2M2JjN2M0YzAiOnsiY3JlYXRlIjoxODAwMDAwMDAwMDAwLCJkZWxldGUiOjE4MDAwMDAwMDAwMDAsInJlYWQiOjMwMDAwMDAwMDAwMCwidXBkYXRlIjoxODAwMDAwMDAwMDAwfX0=",
          "dependencies": [
            "module.app_service_plan.azurerm_app_service_plan.asp",
            "module.resource_group.azurerm_resource_group.rg"
          ]
        }
      ]
    },
    {
      "module": "module.global_crm_portal_slot",
      "mode": "managed",
      "type": "azurerm_app_service_slot",
      "name": "slot",
      "provider": "provider[\"registry.terraform.io/hashicorp/azurerm\"]",
      "instances": [
        {
          "schema_version": 0,
          "attributes": {
            "app_service_name": "demo-global-crm-portal-tier-001",
            "app_service_plan_id": "/subscriptions/469087c6-e148-4a49-9235-70b63e856c00/resourceGroups/app-service-deploy-slot-RG/providers/Microsoft.Web/serverFarms/example-app-service-plan",
            "app_settings": {
              "WEBSITE_NODE_DEFAULT_VERSION": "6.9.1"
            },
            "auth_settings": [
              {
                "active_directory": [],
                "additional_login_params": {},
                "allowed_external_redirect_urls": [],
                "default_provider": "",
                "enabled": false,
                "facebook": [],
                "google": [],
                "issuer": "",
                "microsoft": [],
                "runtime_version": "",
                "token_refresh_extension_hours": 0,
                "token_store_enabled": false,
                "twitter": [],
                "unauthenticated_client_action": ""
              }
            ],
            "client_affinity_enabled": false,
            "connection_string": [],
            "default_site_hostname": "demo-global-crm-portal-tier-001-staging.azurewebsites.net",
            "enabled": true,
            "https_only": false,
            "id": "/subscriptions/469087c6-e148-4a49-9235-70b63e856c00/resourceGroups/app-service-deploy-slot-RG/providers/Microsoft.Web/sites/demo-global-crm-portal-tier-001/slots/staging",
            "identity": [],
            "key_vault_reference_identity_id": "SystemAssigned",
            "location": "eastus",
            "logs": [
              {
                "application_logs": [
                  {
                    "azure_blob_storage": [],
                    "file_system_level": "Off"
                  }
                ],
                "detailed_error_messages_enabled": false,
                "failed_request_tracing_enabled": false,
                "http_logs": [
                  {
                    "azure_blob_storage": [],
                    "file_system": []
                  }
                ]
              }
            ],
            "name": "staging",
            "resource_group_name": "app-service-deploy-slot-RG",
            "site_config": [
              {
                "acr_use_managed_identity_credentials": false,
                "acr_user_managed_identity_client_id": "",
                "always_on": false,
                "app_command_line": "",
                "auto_swap_slot_name": "",
                "cors": [],
                "default_documents": [
                  "Default.htm",
                  "Default.html",
                  "Default.asp",
                  "index.htm",
                  "index.html",
                  "iisstart.htm",
                  "default.aspx",
                  "index.php",
                  "hostingstart.html"
                ],
                "dotnet_framework_version": "v4.0",
                "ftps_state": "FtpsOnly",
                "health_check_path": "",
                "http2_enabled": false,
                "ip_restriction": [],
                "java_container": "",
                "java_container_version": "",
                "java_version": "",
                "linux_fx_version": "",
                "local_mysql_enabled": false,
                "managed_pipeline_mode": "Integrated",
                "min_tls_version": "1.2",
                "number_of_workers": 1,
                "php_version": "5.6",
                "python_version": "",
                "remote_debugging_enabled": false,
                "remote_debugging_version": "",
                "scm_ip_restriction": [],
                "scm_type": "None",
                "scm_use_main_ip_restriction": false,
                "use_32_bit_worker_process": true,
                "vnet_route_all_enabled": false,
                "websockets_enabled": false,
                "windows_fx_version": ""
              }
            ],
            "site_credential": [
              {
                "password": "JuABeeWAFE2x3LWsCCnh3WeDnER3CY6depFWSMMn1MMxDqrfWhtdhfAHmw8n",
                "username": "$demo-global-crm-portal-tier-001__staging"
              }
            ],
            "storage_account": [],
            "tags": null,
            "timeouts": null
          },
          "sensitive_attributes": [],
          "private": "eyJlMmJmYjczMC1lY2FhLTExZTYtOGY4OC0zNDM2M2JjN2M0YzAiOnsiY3JlYXRlIjoxODAwMDAwMDAwMDAwLCJkZWxldGUiOjE4MDAwMDAwMDAwMDAsInJlYWQiOjMwMDAwMDAwMDAwMCwidXBkYXRlIjoxODAwMDAwMDAwMDAwfX0=",
          "dependencies": [
            "module.app_service_plan.azurerm_app_service_plan.asp",
            "module.global_crm_portal_tier.azurerm_app_service.as",
            "module.resource_group.azurerm_resource_group.rg"
          ]
        }
      ]
    },
    {
      "module": "module.global_crm_portal_tier",
      "mode": "managed",
      "type": "azurerm_app_service",
      "name": "as",
      "provider": "provider[\"registry.terraform.io/hashicorp/azurerm\"]",
      "instances": [
        {
          "schema_version": 0,
          "attributes": {
            "app_service_plan_id": "/subscriptions/469087c6-e148-4a49-9235-70b63e856c00/resourceGroups/app-service-deploy-slot-RG/providers/Microsoft.Web/serverFarms/example-app-service-plan",
            "app_settings": {
              "WEBSITE_NODE_DEFAULT_VERSION": "6.9.1"
            },
            "auth_settings": [
              {
                "active_directory": [],
                "additional_login_params": {},
                "allowed_external_redirect_urls": [],
                "default_provider": "",
                "enabled": false,
                "facebook": [],
                "google": [],
                "issuer": "",
                "microsoft": [],
                "runtime_version": "",
                "token_refresh_extension_hours": 0,
                "token_store_enabled": false,
                "twitter": [],
                "unauthenticated_client_action": ""
              }
            ],
            "backup": [],
            "client_affinity_enabled": false,
            "client_cert_enabled": false,
            "client_cert_mode": "Required",
            "connection_string": [],
            "custom_domain_verification_id": "2B692B34BBB9DFC5EAABB2A6CC2798F724F37E8F5034FF2546F2B6ECC8E13681",
            "default_site_hostname": "demo-global-crm-portal-tier-001.azurewebsites.net",
            "enabled": true,
            "https_only": false,
            "id": "/subscriptions/469087c6-e148-4a49-9235-70b63e856c00/resourceGroups/app-service-deploy-slot-RG/providers/Microsoft.Web/sites/demo-global-crm-portal-tier-001",
            "identity": [],
            "key_vault_reference_identity_id": "SystemAssigned",
            "location": "eastus",
            "logs": [
              {
                "application_logs": [
                  {
                    "azure_blob_storage": [],
                    "file_system_level": "Off"
                  }
                ],
                "detailed_error_messages_enabled": false,
                "failed_request_tracing_enabled": false,
                "http_logs": [
                  {
                    "azure_blob_storage": [],
                    "file_system": []
                  }
                ]
              }
            ],
            "name": "demo-global-crm-portal-tier-001",
            "outbound_ip_address_list": [
              "52.226.197.226",
              "52.226.197.253",
              "52.226.198.11",
              "52.226.198.121",
              "52.226.198.253",
              "52.226.199.102",
              "20.119.8.40"
            ],
            "outbound_ip_addresses": "52.226.197.226,52.226.197.253,52.226.198.11,52.226.198.121,52.226.198.253,52.226.199.102,20.119.8.40",
            "possible_outbound_ip_address_list": [
              "52.226.197.226",
              "52.226.197.253",
              "52.226.198.11",
              "52.226.198.121",
              "52.226.198.253",
              "52.226.199.102",
              "20.119.120.88",
              "20.119.120.125",
              "20.119.120.165",
              "20.119.121.113",
              "20.119.121.149",
              "20.119.121.155",
              "20.119.122.49",
              "20.119.122.84",
              "20.119.122.106",
              "20.119.122.120",
              "20.119.122.152",
              "20.119.122.206",
              "20.119.123.116",
              "20.119.123.204",
              "20.119.124.78",
              "20.119.124.150",
              "20.119.120.215",
              "20.119.126.124",
              "20.119.126.225",
              "20.119.127.10",
              "20.119.127.124",
              "20.121.72.250",
              "20.121.73.203",
              "20.121.74.2",
              "20.119.8.40"
            ],
            "possible_outbound_ip_addresses": "52.226.197.226,52.226.197.253,52.226.198.11,52.226.198.121,52.226.198.253,52.226.199.102,20.119.120.88,20.119.120.125,20.119.120.165,20.119.121.113,20.119.121.149,20.119.121.155,20.119.122.49,20.119.122.84,20.119.122.106,20.119.122.120,20.119.122.152,20.119.122.206,20.119.123.116,20.119.123.204,20.119.124.78,20.119.124.150,20.119.120.215,20.119.126.124,20.119.126.225,20.119.127.10,20.119.127.124,20.121.72.250,20.121.73.203,20.121.74.2,20.119.8.40",
            "resource_group_name": "app-service-deploy-slot-RG",
            "site_config": [
              {
                "acr_use_managed_identity_credentials": false,
                "acr_user_managed_identity_client_id": "",
                "always_on": false,
                "app_command_line": "",
                "auto_swap_slot_name": "",
                "cors": [],
                "default_documents": [
                  "Default.htm",
                  "Default.html",
                  "Default.asp",
                  "index.htm",
                  "index.html",
                  "iisstart.htm",
                  "default.aspx",
                  "index.php",
                  "hostingstart.html"
                ],
                "dotnet_framework_version": "v4.0",
                "ftps_state": "FtpsOnly",
                "health_check_path": "",
                "http2_enabled": false,
                "ip_restriction": [],
                "java_container": "",
                "java_container_version": "",
                "java_version": "",
                "linux_fx_version": "",
                "local_mysql_enabled": false,
                "managed_pipeline_mode": "Integrated",
                "min_tls_version": "1.2",
                "number_of_workers": 1,
                "php_version": "5.6",
                "python_version": "",
                "remote_debugging_enabled": false,
                "remote_debugging_version": "",
                "scm_ip_restriction": [],
                "scm_type": "None",
                "scm_use_main_ip_restriction": false,
                "use_32_bit_worker_process": true,
                "vnet_route_all_enabled": false,
                "websockets_enabled": false,
                "windows_fx_version": ""
              }
            ],
            "site_credential": [
              {
                "password": "bhEt9GgA0RQhfaPuzwHnJkoTblc9tj6eAb0GpuyrGLJ74chHokCJybQ4eL0Y",
                "username": "$demo-global-crm-portal-tier-001"
              }
            ],
            "source_control": [
              {
                "branch": "main",
                "manual_integration": false,
                "repo_url": "",
                "rollback_enabled": false,
                "use_mercurial": false
              }
            ],
            "storage_account": [],
            "tags": null,
            "timeouts": null
          },
          "sensitive_attributes": [],
          "private": "eyJlMmJmYjczMC1lY2FhLTExZTYtOGY4OC0zNDM2M2JjN2M0YzAiOnsiY3JlYXRlIjoxODAwMDAwMDAwMDAwLCJkZWxldGUiOjE4MDAwMDAwMDAwMDAsInJlYWQiOjMwMDAwMDAwMDAwMCwidXBkYXRlIjoxODAwMDAwMDAwMDAwfX0=",
          "dependencies": [
            "module.app_service_plan.azurerm_app_service_plan.asp",
            "module.resource_group.azurerm_resource_group.rg"
          ]
        }
      ]
    },
    {
      "module": "module.global_crm_ui_slot",
      "mode": "managed",
      "type": "azurerm_app_service_slot",
      "name": "slot",
      "provider": "provider[\"registry.terraform.io/hashicorp/azurerm\"]",
      "instances": [
        {
          "schema_version": 0,
          "attributes": {
            "app_service_name": "demo-global-crm-ui-tier-001",
            "app_service_plan_id": "/subscriptions/469087c6-e148-4a49-9235-70b63e856c00/resourceGroups/app-service-deploy-slot-RG/providers/Microsoft.Web/serverFarms/example-app-service-plan",
            "app_settings": {
              "WEBSITE_NODE_DEFAULT_VERSION": "6.9.1"
            },
            "auth_settings": [
              {
                "active_directory": [],
                "additional_login_params": {},
                "allowed_external_redirect_urls": [],
                "default_provider": "",
                "enabled": false,
                "facebook": [],
                "google": [],
                "issuer": "",
                "microsoft": [],
                "runtime_version": "",
                "token_refresh_extension_hours": 0,
                "token_store_enabled": false,
                "twitter": [],
                "unauthenticated_client_action": ""
              }
            ],
            "client_affinity_enabled": false,
            "connection_string": [],
            "default_site_hostname": "demo-global-crm-ui-tier-001-staging.azurewebsites.net",
            "enabled": true,
            "https_only": false,
            "id": "/subscriptions/469087c6-e148-4a49-9235-70b63e856c00/resourceGroups/app-service-deploy-slot-RG/providers/Microsoft.Web/sites/demo-global-crm-ui-tier-001/slots/staging",
            "identity": [],
            "key_vault_reference_identity_id": "SystemAssigned",
            "location": "eastus",
            "logs": [
              {
                "application_logs": [
                  {
                    "azure_blob_storage": [],
                    "file_system_level": "Off"
                  }
                ],
                "detailed_error_messages_enabled": false,
                "failed_request_tracing_enabled": false,
                "http_logs": [
                  {
                    "azure_blob_storage": [],
                    "file_system": []
                  }
                ]
              }
            ],
            "name": "staging",
            "resource_group_name": "app-service-deploy-slot-RG",
            "site_config": [
              {
                "acr_use_managed_identity_credentials": false,
                "acr_user_managed_identity_client_id": "",
                "always_on": false,
                "app_command_line": "",
                "auto_swap_slot_name": "",
                "cors": [],
                "default_documents": [
                  "Default.htm",
                  "Default.html",
                  "Default.asp",
                  "index.htm",
                  "index.html",
                  "iisstart.htm",
                  "default.aspx",
                  "index.php",
                  "hostingstart.html"
                ],
                "dotnet_framework_version": "v4.0",
                "ftps_state": "FtpsOnly",
                "health_check_path": "",
                "http2_enabled": false,
                "ip_restriction": [],
                "java_container": "",
                "java_container_version": "",
                "java_version": "",
                "linux_fx_version": "",
                "local_mysql_enabled": false,
                "managed_pipeline_mode": "Integrated",
                "min_tls_version": "1.2",
                "number_of_workers": 1,
                "php_version": "5.6",
                "python_version": "",
                "remote_debugging_enabled": false,
                "remote_debugging_version": "",
                "scm_ip_restriction": [],
                "scm_type": "None",
                "scm_use_main_ip_restriction": false,
                "use_32_bit_worker_process": true,
                "vnet_route_all_enabled": false,
                "websockets_enabled": false,
                "windows_fx_version": ""
              }
            ],
            "site_credential": [
              {
                "password": "95pMm6jfQvPgPPRsEvwAdAHgiJbfeae5TxerFhBhffJ43xSv33K4Kobu9XCD",
                "username": "$demo-global-crm-ui-tier-001__staging"
              }
            ],
            "storage_account": [],
            "tags": null,
            "timeouts": null
          },
          "sensitive_attributes": [],
          "private": "eyJlMmJmYjczMC1lY2FhLTExZTYtOGY4OC0zNDM2M2JjN2M0YzAiOnsiY3JlYXRlIjoxODAwMDAwMDAwMDAwLCJkZWxldGUiOjE4MDAwMDAwMDAwMDAsInJlYWQiOjMwMDAwMDAwMDAwMCwidXBkYXRlIjoxODAwMDAwMDAwMDAwfX0=",
          "dependencies": [
            "module.app_service_plan.azurerm_app_service_plan.asp",
            "module.global_crm_ui_tier.azurerm_app_service.as",
            "module.resource_group.azurerm_resource_group.rg"
          ]
        }
      ]
    },
    {
      "module": "module.global_crm_ui_tier",
      "mode": "managed",
      "type": "azurerm_app_service",
      "name": "as",
      "provider": "provider[\"registry.terraform.io/hashicorp/azurerm\"]",
      "instances": [
        {
          "schema_version": 0,
          "attributes": {
            "app_service_plan_id": "/subscriptions/469087c6-e148-4a49-9235-70b63e856c00/resourceGroups/app-service-deploy-slot-RG/providers/Microsoft.Web/serverFarms/example-app-service-plan",
            "app_settings": {
              "WEBSITE_NODE_DEFAULT_VERSION": "6.9.1"
            },
            "auth_settings": [
              {
                "active_directory": [],
                "additional_login_params": {},
                "allowed_external_redirect_urls": [],
                "default_provider": "",
                "enabled": false,
                "facebook": [],
                "google": [],
                "issuer": "",
                "microsoft": [],
                "runtime_version": "",
                "token_refresh_extension_hours": 0,
                "token_store_enabled": false,
                "twitter": [],
                "unauthenticated_client_action": ""
              }
            ],
            "backup": [],
            "client_affinity_enabled": false,
            "client_cert_enabled": false,
            "client_cert_mode": "Required",
            "connection_string": [],
            "custom_domain_verification_id": "2B692B34BBB9DFC5EAABB2A6CC2798F724F37E8F5034FF2546F2B6ECC8E13681",
            "default_site_hostname": "demo-global-crm-ui-tier-001.azurewebsites.net",
            "enabled": true,
            "https_only": false,
            "id": "/subscriptions/469087c6-e148-4a49-9235-70b63e856c00/resourceGroups/app-service-deploy-slot-RG/providers/Microsoft.Web/sites/demo-global-crm-ui-tier-001",
            "identity": [],
            "key_vault_reference_identity_id": "SystemAssigned",
            "location": "eastus",
            "logs": [
              {
                "application_logs": [
                  {
                    "azure_blob_storage": [],
                    "file_system_level": "Off"
                  }
                ],
                "detailed_error_messages_enabled": false,
                "failed_request_tracing_enabled": false,
                "http_logs": [
                  {
                    "azure_blob_storage": [],
                    "file_system": []
                  }
                ]
              }
            ],
            "name": "demo-global-crm-ui-tier-001",
            "outbound_ip_address_list": [
              "52.226.197.226",
              "52.226.197.253",
              "52.226.198.11",
              "52.226.198.121",
              "52.226.198.253",
              "52.226.199.102",
              "20.119.8.40"
            ],
            "outbound_ip_addresses": "52.226.197.226,52.226.197.253,52.226.198.11,52.226.198.121,52.226.198.253,52.226.199.102,20.119.8.40",
            "possible_outbound_ip_address_list": [
              "52.226.197.226",
              "52.226.197.253",
              "52.226.198.11",
              "52.226.198.121",
              "52.226.198.253",
              "52.226.199.102",
              "20.119.120.88",
              "20.119.120.125",
              "20.119.120.165",
              "20.119.121.113",
              "20.119.121.149",
              "20.119.121.155",
              "20.119.122.49",
              "20.119.122.84",
              "20.119.122.106",
              "20.119.122.120",
              "20.119.122.152",
              "20.119.122.206",
              "20.119.123.116",
              "20.119.123.204",
              "20.119.124.78",
              "20.119.124.150",
              "20.119.120.215",
              "20.119.126.124",
              "20.119.126.225",
              "20.119.127.10",
              "20.119.127.124",
              "20.121.72.250",
              "20.121.73.203",
              "20.121.74.2",
              "20.119.8.40"
            ],
            "possible_outbound_ip_addresses": "52.226.197.226,52.226.197.253,52.226.198.11,52.226.198.121,52.226.198.253,52.226.199.102,20.119.120.88,20.119.120.125,20.119.120.165,20.119.121.113,20.119.121.149,20.119.121.155,20.119.122.49,20.119.122.84,20.119.122.106,20.119.122.120,20.119.122.152,20.119.122.206,20.119.123.116,20.119.123.204,20.119.124.78,20.119.124.150,20.119.120.215,20.119.126.124,20.119.126.225,20.119.127.10,20.119.127.124,20.121.72.250,20.121.73.203,20.121.74.2,20.119.8.40",
            "resource_group_name": "app-service-deploy-slot-RG",
            "site_config": [
              {
                "acr_use_managed_identity_credentials": false,
                "acr_user_managed_identity_client_id": "",
                "always_on": false,
                "app_command_line": "",
                "auto_swap_slot_name": "",
                "cors": [],
                "default_documents": [
                  "Default.htm",
                  "Default.html",
                  "Default.asp",
                  "index.htm",
                  "index.html",
                  "iisstart.htm",
                  "default.aspx",
                  "index.php",
                  "hostingstart.html"
                ],
                "dotnet_framework_version": "v4.0",
                "ftps_state": "FtpsOnly",
                "health_check_path": "",
                "http2_enabled": false,
                "ip_restriction": [],
                "java_container": "",
                "java_container_version": "",
                "java_version": "",
                "linux_fx_version": "",
                "local_mysql_enabled": false,
                "managed_pipeline_mode": "Integrated",
                "min_tls_version": "1.2",
                "number_of_workers": 1,
                "php_version": "5.6",
                "python_version": "",
                "remote_debugging_enabled": false,
                "remote_debugging_version": "",
                "scm_ip_restriction": [],
                "scm_type": "None",
                "scm_use_main_ip_restriction": false,
                "use_32_bit_worker_process": true,
                "vnet_route_all_enabled": false,
                "websockets_enabled": false,
                "windows_fx_version": ""
              }
            ],
            "site_credential": [
              {
                "password": "xgGHpBufuJ7eKaK7akL7tmJZj2gcoESJsEuyn8riv5b6vbHpWmkPFelqSfvF",
                "username": "$demo-global-crm-ui-tier-001"
              }
            ],
            "source_control": [
              {
                "branch": "main",
                "manual_integration": false,
                "repo_url": "",
                "rollback_enabled": false,
                "use_mercurial": false
              }
            ],
            "storage_account": [],
            "tags": null,
            "timeouts": null
          },
          "sensitive_attributes": [],
          "private": "eyJlMmJmYjczMC1lY2FhLTExZTYtOGY4OC0zNDM2M2JjN2M0YzAiOnsiY3JlYXRlIjoxODAwMDAwMDAwMDAwLCJkZWxldGUiOjE4MDAwMDAwMDAwMDAsInJlYWQiOjMwMDAwMDAwMDAwMCwidXBkYXRlIjoxODAwMDAwMDAwMDAwfX0=",
          "dependencies": [
            "module.app_service_plan.azurerm_app_service_plan.asp",
            "module.resource_group.azurerm_resource_group.rg"
          ]
        }
      ]
    },
    {
      "module": "module.resource_group",
      "mode": "managed",
      "type": "azurerm_resource_group",
      "name": "rg",
      "provider": "provider[\"registry.terraform.io/hashicorp/azurerm\"]",
      "instances": [
        {
          "schema_version": 0,
          "attributes": {
            "id": "/subscriptions/469087c6-e148-4a49-9235-70b63e856c00/resourceGroups/app-service-deploy-slot-RG",
            "location": "eastus",
            "managed_by": "",
            "name": "app-service-deploy-slot-RG",
            "tags": {},
            "timeouts": null
          },
          "sensitive_attributes": [],
          "private": "eyJlMmJmYjczMC1lY2FhLTExZTYtOGY4OC0zNDM2M2JjN2M0YzAiOnsiY3JlYXRlIjo1NDAwMDAwMDAwMDAwLCJkZWxldGUiOjU0MDAwMDAwMDAwMDAsInJlYWQiOjMwMDAwMDAwMDAwMCwidXBkYXRlIjo1NDAwMDAwMDAwMDAwfX0="
        }
      ]
    }
  ],
  "check_results": null
}
